
Microsoft Visual Studio Solution File, Format Version 12.00
# Visual Studio 15
VisualStudioVersion = 15.0.27703.2047
MinimumVisualStudioVersion = 10.0.40219.1
Project("{FAE04EC0-301F-11D3-BF4B-00C04F79EFBC}") = "Tedu.OnlineShop", "Tedu.OnlineShop\Tedu.OnlineShop.csproj", "{455C32AB-0C62-42F6-AE70-7A5EC9EC5DAF}"
EndProject
Project("{FAE04EC0-301F-11D3-BF4B-00C04F79EFBC}") = "Models", "Models\Models.csproj", "{D1AEFEBB-C2C7-45C1-B8E3-4E699D0C1BFA}"
EndProject
Global
	GlobalSection(SolutionConfigurationPlatforms) = preSolution
		Debug|Any CPU = Debug|Any CPU
		Release|Any CPU = Release|Any CPU
	EndGlobalSection
	GlobalSection(ProjectConfigurationPlatforms) = postSolution
		{455C32AB-0C62-42F6-AE70-7A5EC9EC5DAF}.Debug|Any CPU.ActiveCfg = Debug|Any CPU
		{455C32AB-0C62-42F6-AE70-7A5EC9EC5DAF}.Debug|Any CPU.Build.0 = Debug|Any CPU
		{455C32AB-0C62-42F6-AE70-7A5EC9EC5DAF}.Release|Any CPU.ActiveCfg = Release|Any CPU
		{455C32AB-0C62-42F6-AE70-7A5EC9EC5DAF}.Release|Any CPU.Build.0 = Release|Any CPU
		{D1AEFEBB-C2C7-45C1-B8E3-4E699D0C1BFA}.Debug|Any CPU.ActiveCfg = Debug|Any CPU
		{D1AEFEBB-C2C7-45C1-B8E3-4E699D0C1BFA}.Debug|Any CPU.Build.0 = Debug|Any CPU
		{D1AEFEBB-C2C7-45C1-B8E3-4E699D0C1BFA}.Release|Any CPU.ActiveCfg = Release|Any CPU
		{D1AEFEBB-C2C7-45C1-B8E3-4E699D0C1BFA}.Release|Any CPU.Build.0 = Release|Any CPU
	EndGlobalSection
	GlobalSection(SolutionProperties) = preSolution
		HideSolutionNode = FALSE
	EndGlobalSection
	GlobalSection(ExtensibilityGlobals) = postSolution
		SolutionGuid = {C4816A79-C31F-46AC-8301-637BA7DAEC67}
	EndGlobalSection
EndGlobal
